<?xml version="1.0" encoding="utf-8"?>
<Project ToolsVersion="4.0" xmlns="http://schemas.microsoft.com/developer/msbuild/2003">
  <ItemGroup>
    <Filter Include="Duo">
      <UniqueIdentifier>{ADE3870B-19ED-877C-A268-9E7C0E71937C}</UniqueIdentifier>
    </Filter>
    <Filter Include="Duo\Events">
      <UniqueIdentifier>{F10A5DC1-DDC2-9E0E-46CA-776A32A139FF}</UniqueIdentifier>
    </Filter>
  </ItemGroup>
  <ItemGroup>
    <ClInclude Include="src\Duo.h" />
    <ClInclude Include="src\Duo\Application.h">
      <Filter>Duo</Filter>
    </ClInclude>
    <ClInclude Include="src\Duo\Core.h">
      <Filter>Duo</Filter>
    </ClInclude>
    <ClInclude Include="src\Duo\EntryPoint.h">
      <Filter>Duo</Filter>
    </ClInclude>
    <ClInclude Include="src\Duo\Events\Event.h">
      <Filter>Duo\Events</Filter>
    </ClInclude>
    <ClInclude Include="src\Duo\Log.h">
      <Filter>Duo</Filter>
    </ClInclude>
  </ItemGroup>
  <ItemGroup>
    <ClCompile Include="src\Duo\Application.cpp">
      <Filter>Duo</Filter>
    </ClCompile>
    <ClCompile Include="src\Duo\Log.cpp">
      <Filter>Duo</Filter>
    </ClCompile>
  </ItemGroup>
</Project>